
Microsoft Visual Studio Solution File, Format Version 12.00
# Visual Studio Version 17
VisualStudioVersion = 17.4.33110.190
MinimumVisualStudioVersion = 10.0.40219.1
Project("{9A19103F-16F7-4668-BE54-9A1E7A4F7556}") = "SharpMason.Logging", "SharpMason.Logging\SharpMason.Logging.csproj", "{7C67EE35-2202-4928-8C0B-7B63A1773EA2}"
EndProject
Project("{9A19103F-16F7-4668-BE54-9A1E7A4F7556}") = "SharpMason.Logging.Test", "SharpMason.Logging.Test\SharpMason.Logging.Test.csproj", "{FF426158-0CB5-4AED-81CF-F8ABFC402EA4}"
EndProject
Project("{9A19103F-16F7-4668-BE54-9A1E7A4F7556}") = "SharpMason.Logging.Kafka", "SharpMason.Logging.Kafka\SharpMason.Logging.Kafka.csproj", "{418894A8-EF12-4E60-A647-A41B20456B33}"
EndProject
Project("{9A19103F-16F7-4668-BE54-9A1E7A4F7556}") = "SharpMason.Logging.RabbitMQ", "SharpMason.Logging.RabbitMQ\SharpMason.Logging.RabbitMQ.csproj", "{62EB94C2-4180-43C2-9675-ED1AC80F82F7}"
EndProject
Project("{9A19103F-16F7-4668-BE54-9A1E7A4F7556}") = "SharpMason.Logging.AspNetCore", "SharpMason.Logging.AspNetCore\SharpMason.Logging.AspNetCore.csproj", "{F8B5640F-E98A-42EA-958E-B33FAD8D1C7A}"
EndProject
Project("{9A19103F-16F7-4668-BE54-9A1E7A4F7556}") = "SharpMason.Extensions", "SharpMason.Extensions\SharpMason.Extensions.csproj", "{CC223E1D-3AE4-44CD-B35D-6B65A2101058}"
EndProject
Project("{2150E333-8FDC-42A3-9474-1A3956D46DE8}") = "Test", "Test", "{ADA4D4BF-43EA-45EC-B38F-7E1B5F1AA9E5}"
EndProject
Global
	GlobalSection(SolutionConfigurationPlatforms) = preSolution
		Debug|Any CPU = Debug|Any CPU
		Release|Any CPU = Release|Any CPU
	EndGlobalSection
	GlobalSection(ProjectConfigurationPlatforms) = postSolution
		{7C67EE35-2202-4928-8C0B-7B63A1773EA2}.Debug|Any CPU.ActiveCfg = Debug|Any CPU
		{7C67EE35-2202-4928-8C0B-7B63A1773EA2}.Debug|Any CPU.Build.0 = Debug|Any CPU
		{7C67EE35-2202-4928-8C0B-7B63A1773EA2}.Release|Any CPU.ActiveCfg = Release|Any CPU
		{7C67EE35-2202-4928-8C0B-7B63A1773EA2}.Release|Any CPU.Build.0 = Release|Any CPU
		{FF426158-0CB5-4AED-81CF-F8ABFC402EA4}.Debug|Any CPU.ActiveCfg = Debug|Any CPU
		{FF426158-0CB5-4AED-81CF-F8ABFC402EA4}.Debug|Any CPU.Build.0 = Debug|Any CPU
		{FF426158-0CB5-4AED-81CF-F8ABFC402EA4}.Release|Any CPU.ActiveCfg = Release|Any CPU
		{FF426158-0CB5-4AED-81CF-F8ABFC402EA4}.Release|Any CPU.Build.0 = Release|Any CPU
		{418894A8-EF12-4E60-A647-A41B20456B33}.Debug|Any CPU.ActiveCfg = Debug|Any CPU
		{418894A8-EF12-4E60-A647-A41B20456B33}.Debug|Any CPU.Build.0 = Debug|Any CPU
		{418894A8-EF12-4E60-A647-A41B20456B33}.Release|Any CPU.ActiveCfg = Release|Any CPU
		{418894A8-EF12-4E60-A647-A41B20456B33}.Release|Any CPU.Build.0 = Release|Any CPU
		{62EB94C2-4180-43C2-9675-ED1AC80F82F7}.Debug|Any CPU.ActiveCfg = Debug|Any CPU
		{62EB94C2-4180-43C2-9675-ED1AC80F82F7}.Debug|Any CPU.Build.0 = Debug|Any CPU
		{62EB94C2-4180-43C2-9675-ED1AC80F82F7}.Release|Any CPU.ActiveCfg = Release|Any CPU
		{62EB94C2-4180-43C2-9675-ED1AC80F82F7}.Release|Any CPU.Build.0 = Release|Any CPU
		{F8B5640F-E98A-42EA-958E-B33FAD8D1C7A}.Debug|Any CPU.ActiveCfg = Debug|Any CPU
		{F8B5640F-E98A-42EA-958E-B33FAD8D1C7A}.Debug|Any CPU.Build.0 = Debug|Any CPU
		{F8B5640F-E98A-42EA-958E-B33FAD8D1C7A}.Release|Any CPU.ActiveCfg = Release|Any CPU
		{F8B5640F-E98A-42EA-958E-B33FAD8D1C7A}.Release|Any CPU.Build.0 = Release|Any CPU
		{CC223E1D-3AE4-44CD-B35D-6B65A2101058}.Debug|Any CPU.ActiveCfg = Debug|Any CPU
		{CC223E1D-3AE4-44CD-B35D-6B65A2101058}.Debug|Any CPU.Build.0 = Debug|Any CPU
		{CC223E1D-3AE4-44CD-B35D-6B65A2101058}.Release|Any CPU.ActiveCfg = Release|Any CPU
		{CC223E1D-3AE4-44CD-B35D-6B65A2101058}.Release|Any CPU.Build.0 = Release|Any CPU
	EndGlobalSection
	GlobalSection(SolutionProperties) = preSolution
		HideSolutionNode = FALSE
	EndGlobalSection
	GlobalSection(NestedProjects) = preSolution
		{FF426158-0CB5-4AED-81CF-F8ABFC402EA4} = {ADA4D4BF-43EA-45EC-B38F-7E1B5F1AA9E5}
	EndGlobalSection
	GlobalSection(ExtensibilityGlobals) = postSolution
		SolutionGuid = {9C80AB54-7C66-43F9-8628-7C782D095ACE}
	EndGlobalSection
EndGlobal
